github.com/kgolding/go-decoder v1.0.0 h1:6xZettBoGQfbANANPY0p4fbk/wZ1+7ZWokTwEsKVYHc=
github.com/kgolding/go-decoder v1.0.0/go.mod h1:ltiKOiabSZJa069FZeC90suO8jRYLgn2SubGerWbNAE=
github.com/kgolding/go-decoder v1.0.1 h1:q0Uhq2ghNqjQgq63opJSR8jKtrTct6ojsFfLWFOd5QI=
github.com/kgolding/go-decoder v1.0.1/go.mod h1:ltiKOiabSZJa069FZeC90suO8jRYLgn2SubGerWbNAE=
